
Microsoft Visual Studio Solution File, Format Version 12.00
# Visual Studio Version 17
VisualStudioVersion = 17.10.34916.146
MinimumVisualStudioVersion = 10.0.40219.1
Project("{FAE04EC0-301F-11D3-BF4B-00C04F79EFBC}") = "plumsail-back", "plumsail-back\plumsail-back.csproj", "{8700F564-240D-44EF-8DDD-1C00B3CB764F}"
EndProject
Global
	GlobalSection(SolutionConfigurationPlatforms) = preSolution
		Debug|Any CPU = Debug|Any CPU
		Release|Any CPU = Release|Any CPU
	EndGlobalSection
	GlobalSection(ProjectConfigurationPlatforms) = postSolution
		{8700F564-240D-44EF-8DDD-1C00B3CB764F}.Debug|Any CPU.ActiveCfg = Debug|Any CPU
		{8700F564-240D-44EF-8DDD-1C00B3CB764F}.Debug|Any CPU.Build.0 = Debug|Any CPU
		{8700F564-240D-44EF-8DDD-1C00B3CB764F}.Release|Any CPU.ActiveCfg = Release|Any CPU
		{8700F564-240D-44EF-8DDD-1C00B3CB764F}.Release|Any CPU.Build.0 = Release|Any CPU
	EndGlobalSection
	GlobalSection(SolutionProperties) = preSolution
		HideSolutionNode = FALSE
	EndGlobalSection
	GlobalSection(ExtensibilityGlobals) = postSolution
		SolutionGuid = {D01EE618-2885-4DC2-8688-4AA211DDF6D5}
	EndGlobalSection
EndGlobal
